
Microsoft Visual Studio Solution File, Format Version 12.00
# Visual Studio Version 16
VisualStudioVersion = 16.0.32413.511
MinimumVisualStudioVersion = 10.0.40219.1
Project("{FAE04EC0-301F-11D3-BF4B-00C04F79EFBC}") = "Binary Search", "Binary Search\Binary Search.csproj", "{5A6DAC87-51FA-4BB8-8AFD-D777F71306B1}"
EndProject
Global
	GlobalSection(SolutionConfigurationPlatforms) = preSolution
		Debug|Any CPU = Debug|Any CPU
		Release|Any CPU = Release|Any CPU
	EndGlobalSection
	GlobalSection(ProjectConfigurationPlatforms) = postSolution
		{5A6DAC87-51FA-4BB8-8AFD-D777F71306B1}.Debug|Any CPU.ActiveCfg = Debug|Any CPU
		{5A6DAC87-51FA-4BB8-8AFD-D777F71306B1}.Debug|Any CPU.Build.0 = Debug|Any CPU
		{5A6DAC87-51FA-4BB8-8AFD-D777F71306B1}.Release|Any CPU.ActiveCfg = Release|Any CPU
		{5A6DAC87-51FA-4BB8-8AFD-D777F71306B1}.Release|Any CPU.Build.0 = Release|Any CPU
	EndGlobalSection
	GlobalSection(SolutionProperties) = preSolution
		HideSolutionNode = FALSE
	EndGlobalSection
	GlobalSection(ExtensibilityGlobals) = postSolution
		SolutionGuid = {406C2AAD-C81C-4122-9C32-1ADB4F0F98F8}
	EndGlobalSection
EndGlobal
